
Microsoft Visual Studio Solution File, Format Version 12.00
# Visual Studio Version 17
VisualStudioVersion = 17.1.32210.238
MinimumVisualStudioVersion = 10.0.40219.1
Project("{FAE04EC0-301F-11D3-BF4B-00C04F79EFBC}") = "PngReader", "PngReader.csproj", "{51D3ADB2-5969-4187-9708-508821E6D003}"
EndProject
Global
	GlobalSection(SolutionConfigurationPlatforms) = preSolution
		Debug|Any CPU = Debug|Any CPU
		Release|Any CPU = Release|Any CPU
	EndGlobalSection
	GlobalSection(ProjectConfigurationPlatforms) = postSolution
		{51D3ADB2-5969-4187-9708-508821E6D003}.Debug|Any CPU.ActiveCfg = Debug|Any CPU
		{51D3ADB2-5969-4187-9708-508821E6D003}.Debug|Any CPU.Build.0 = Debug|Any CPU
		{51D3ADB2-5969-4187-9708-508821E6D003}.Release|Any CPU.ActiveCfg = Release|Any CPU
		{51D3ADB2-5969-4187-9708-508821E6D003}.Release|Any CPU.Build.0 = Release|Any CPU
	EndGlobalSection
	GlobalSection(SolutionProperties) = preSolution
		HideSolutionNode = FALSE
	EndGlobalSection
	GlobalSection(ExtensibilityGlobals) = postSolution
		SolutionGuid = {A287D893-9676-4A6C-AB2C-ED77A0A173AF}
	EndGlobalSection
EndGlobal
